
Microsoft Visual Studio Solution File, Format Version 12.00
# Visual Studio Version 16
VisualStudioVersion = 16.0.30011.22
MinimumVisualStudioVersion = 10.0.40219.1
Project("{FAE04EC0-301F-11D3-BF4B-00C04F79EFBC}") = "eduWhiteCC", "eduWhiteCC.csproj", "{CA30AB96-45B2-4B56-B276-0D31443A6969}"
EndProject
Global
	GlobalSection(SolutionConfigurationPlatforms) = preSolution
		Debug|Any CPU = Debug|Any CPU
		Release|Any CPU = Release|Any CPU
	EndGlobalSection
	GlobalSection(ProjectConfigurationPlatforms) = postSolution
		{CA30AB96-45B2-4B56-B276-0D31443A6969}.Debug|Any CPU.ActiveCfg = Debug|Any CPU
		{CA30AB96-45B2-4B56-B276-0D31443A6969}.Debug|Any CPU.Build.0 = Debug|Any CPU
		{CA30AB96-45B2-4B56-B276-0D31443A6969}.Release|Any CPU.ActiveCfg = Release|Any CPU
		{CA30AB96-45B2-4B56-B276-0D31443A6969}.Release|Any CPU.Build.0 = Release|Any CPU
	EndGlobalSection
	GlobalSection(SolutionProperties) = preSolution
		HideSolutionNode = FALSE
	EndGlobalSection
	GlobalSection(ExtensibilityGlobals) = postSolution
		SolutionGuid = {8ED80B42-3CEF-49EB-A5F2-EC6E701C3FE6}
	EndGlobalSection
EndGlobal
